
Microsoft Visual Studio Solution File, Format Version 12.00
# Visual Studio Version 16
VisualStudioVersion = 16.0.29403.142
MinimumVisualStudioVersion = 10.0.40219.1
Project("{2150E333-8FDC-42A3-9474-1A3956D46DE8}") = "src", "src", "{2B3E19D4-D270-4F12-94B5-5DB0D1CF57FF}"
EndProject
Project("{2150E333-8FDC-42A3-9474-1A3956D46DE8}") = "test", "test", "{01186DB2-23CA-49A4-A1B1-ADC683A1AFA7}"
EndProject
Project("{2150E333-8FDC-42A3-9474-1A3956D46DE8}") = "Order", "Order", "{2EC3A5B8-6710-4D29-9A44-B3BE50083E0D}"
EndProject
Project("{2150E333-8FDC-42A3-9474-1A3956D46DE8}") = "Customer", "Customer", "{9356A89B-ED9C-4008-8E30-DD6C78C374D0}"
EndProject
Project("{2150E333-8FDC-42A3-9474-1A3956D46DE8}") = "Driver", "Driver", "{F8637C6F-7C90-4A53-AD54-F584851D59F1}"
EndProject
Project("{2150E333-8FDC-42A3-9474-1A3956D46DE8}") = "Shared", "Shared", "{057DB44B-7E8B-4DA4-9E61-CA287156AC6F}"
EndProject
Project("{2150E333-8FDC-42A3-9474-1A3956D46DE8}") = "Customer", "Customer", "{0C29D609-62B0-41A1-8397-B672997317BD}"
EndProject
Project("{2150E333-8FDC-42A3-9474-1A3956D46DE8}") = "Driver", "Driver", "{D56BA736-9AB4-45B8-B95B-EA0A5F59AFA5}"
EndProject
Project("{2150E333-8FDC-42A3-9474-1A3956D46DE8}") = "Order", "Order", "{78435D48-9CB0-404E-ACAB-74F67480843D}"
EndProject
Project("{9A19103F-16F7-4668-BE54-9A1E7A4F7556}") = "TransportCompany.Customer.Application", "src\Customer\TransportCompany.Customer.Application\TransportCompany.Customer.Application.csproj", "{965ED349-48A9-47D4-BE71-32D2931D6DE4}"
EndProject
Project("{9A19103F-16F7-4668-BE54-9A1E7A4F7556}") = "TransportCompany.Customer.Domain", "src\Customer\TransportCompany.Customer.Domain\TransportCompany.Customer.Domain.csproj", "{3D155B3E-4619-403D-941F-AA55E0D3BC48}"
EndProject
Project("{9A19103F-16F7-4668-BE54-9A1E7A4F7556}") = "TransportCompany.Customer.Infrastructure", "src\Customer\TransportCompany.Customer.Infrastructure\TransportCompany.Customer.Infrastructure.csproj", "{F4D36730-B614-4AB0-A206-CEEB54649520}"
EndProject
Project("{9A19103F-16F7-4668-BE54-9A1E7A4F7556}") = "TransportCompany.Customer.WebApi", "src\Customer\TransportCompany.Customer.WebAPI\TransportCompany.Customer.WebApi.csproj", "{5F19E3AA-28CA-49CB-A2CD-5B5CF63252AD}"
EndProject
Project("{9A19103F-16F7-4668-BE54-9A1E7A4F7556}") = "TransportCompany.Driver.Application", "src\Driver\TransportCompany.Driver.Application\TransportCompany.Driver.Application.csproj", "{A432ACB4-112B-4D3D-9B66-0794EC485934}"
EndProject
Project("{9A19103F-16F7-4668-BE54-9A1E7A4F7556}") = "TransportCompany.Driver.Domain", "src\Driver\TransportCompany.Driver.Domain\TransportCompany.Driver.Domain.csproj", "{14572C6B-98AB-4B8D-8FD6-E956B213F2F7}"
EndProject
Project("{9A19103F-16F7-4668-BE54-9A1E7A4F7556}") = "TransportCompany.Driver.Infrastructure", "src\Driver\TransportCompany.Driver.Infrastructure\TransportCompany.Driver.Infrastructure.csproj", "{64419924-5B70-4EF8-AA19-1E2803D1CEFC}"
EndProject
Project("{9A19103F-16F7-4668-BE54-9A1E7A4F7556}") = "TransportCompany.Driver.WebApi", "src\Driver\TransportCompany.Driver.WebAPI\TransportCompany.Driver.WebApi.csproj", "{D3E7D6C2-30C0-41CC-8069-0351A2D436A8}"
EndProject
Project("{9A19103F-16F7-4668-BE54-9A1E7A4F7556}") = "TransportCompany.Order.Application", "src\Order\TransportCompany.Order.Application\TransportCompany.Order.Application.csproj", "{8B41957E-D78F-4A30-AF57-75B8F61361B4}"
EndProject
Project("{9A19103F-16F7-4668-BE54-9A1E7A4F7556}") = "TransportCompany.Order.Domain", "src\Order\TransportCompany.Order.Domain\TransportCompany.Order.Domain.csproj", "{B50002A7-05D4-4ABA-91FC-DC2B608BAECC}"
EndProject
Project("{9A19103F-16F7-4668-BE54-9A1E7A4F7556}") = "TransportCompany.Order.WebAPI", "src\Order\TransportCompany.Order.WebAPI\TransportCompany.Order.WebAPI.csproj", "{AFC6B913-F14B-4E64-819E-7AF30B141594}"
EndProject
Project("{9A19103F-16F7-4668-BE54-9A1E7A4F7556}") = "TransportCompany.Order.Infrastructure", "src\Order\TransportCompany.Order.Infrastructure\TransportCompany.Order.Infrastructure.csproj", "{9234C96D-FD9F-4AB2-83B9-729D4D3DBDC9}"
EndProject
Project("{9A19103F-16F7-4668-BE54-9A1E7A4F7556}") = "TransportCompany.Shared.Domain", "src\Shared\TransportCompany.Shared.Domain\TransportCompany.Shared.Domain.csproj", "{82537B81-11DE-4E94-A11F-5A4EB7F39A90}"
EndProject
Project("{9A19103F-16F7-4668-BE54-9A1E7A4F7556}") = "TransportCompany.Shared.Infrastructure", "src\Shared\TransportCompany.Shared.Infrastructure\TransportCompany.Shared.Infrastructure.csproj", "{3D8F5786-EFA1-4C59-80E8-E80042226456}"
EndProject
Project("{9A19103F-16F7-4668-BE54-9A1E7A4F7556}") = "TransportCompany.Shared.ApiInfrastructure", "src\Shared\TransportCompany.Shared.ApiInfrastructure\TransportCompany.Shared.ApiInfrastructure.csproj", "{A55A95B5-9D20-470F-8E70-A23C6C4DCC05}"
EndProject
Project("{9A19103F-16F7-4668-BE54-9A1E7A4F7556}") = "TransportCompany.Shared.Application", "src\Shared\TransportCompany.Shared.Application\TransportCompany.Shared.Application.csproj", "{94FD7A36-CC90-4A4D-84EE-F66731B841CA}"
EndProject
Global
	GlobalSection(SolutionConfigurationPlatforms) = preSolution
		Debug|Any CPU = Debug|Any CPU
		Release|Any CPU = Release|Any CPU
	EndGlobalSection
	GlobalSection(ProjectConfigurationPlatforms) = postSolution
		{965ED349-48A9-47D4-BE71-32D2931D6DE4}.Debug|Any CPU.ActiveCfg = Debug|Any CPU
		{965ED349-48A9-47D4-BE71-32D2931D6DE4}.Debug|Any CPU.Build.0 = Debug|Any CPU
		{965ED349-48A9-47D4-BE71-32D2931D6DE4}.Release|Any CPU.ActiveCfg = Release|Any CPU
		{965ED349-48A9-47D4-BE71-32D2931D6DE4}.Release|Any CPU.Build.0 = Release|Any CPU
		{3D155B3E-4619-403D-941F-AA55E0D3BC48}.Debug|Any CPU.ActiveCfg = Debug|Any CPU
		{3D155B3E-4619-403D-941F-AA55E0D3BC48}.Debug|Any CPU.Build.0 = Debug|Any CPU
		{3D155B3E-4619-403D-941F-AA55E0D3BC48}.Release|Any CPU.ActiveCfg = Release|Any CPU
		{3D155B3E-4619-403D-941F-AA55E0D3BC48}.Release|Any CPU.Build.0 = Release|Any CPU
		{F4D36730-B614-4AB0-A206-CEEB54649520}.Debug|Any CPU.ActiveCfg = Debug|Any CPU
		{F4D36730-B614-4AB0-A206-CEEB54649520}.Debug|Any CPU.Build.0 = Debug|Any CPU
		{F4D36730-B614-4AB0-A206-CEEB54649520}.Release|Any CPU.ActiveCfg = Release|Any CPU
		{F4D36730-B614-4AB0-A206-CEEB54649520}.Release|Any CPU.Build.0 = Release|Any CPU
		{5F19E3AA-28CA-49CB-A2CD-5B5CF63252AD}.Debug|Any CPU.ActiveCfg = Debug|Any CPU
		{5F19E3AA-28CA-49CB-A2CD-5B5CF63252AD}.Debug|Any CPU.Build.0 = Debug|Any CPU
		{5F19E3AA-28CA-49CB-A2CD-5B5CF63252AD}.Release|Any CPU.ActiveCfg = Release|Any CPU
		{5F19E3AA-28CA-49CB-A2CD-5B5CF63252AD}.Release|Any CPU.Build.0 = Release|Any CPU
		{A432ACB4-112B-4D3D-9B66-0794EC485934}.Debug|Any CPU.ActiveCfg = Debug|Any CPU
		{A432ACB4-112B-4D3D-9B66-0794EC485934}.Debug|Any CPU.Build.0 = Debug|Any CPU
		{A432ACB4-112B-4D3D-9B66-0794EC485934}.Release|Any CPU.ActiveCfg = Release|Any CPU
		{A432ACB4-112B-4D3D-9B66-0794EC485934}.Release|Any CPU.Build.0 = Release|Any CPU
		{14572C6B-98AB-4B8D-8FD6-E956B213F2F7}.Debug|Any CPU.ActiveCfg = Debug|Any CPU
		{14572C6B-98AB-4B8D-8FD6-E956B213F2F7}.Debug|Any CPU.Build.0 = Debug|Any CPU
		{14572C6B-98AB-4B8D-8FD6-E956B213F2F7}.Release|Any CPU.ActiveCfg = Release|Any CPU
		{14572C6B-98AB-4B8D-8FD6-E956B213F2F7}.Release|Any CPU.Build.0 = Release|Any CPU
		{64419924-5B70-4EF8-AA19-1E2803D1CEFC}.Debug|Any CPU.ActiveCfg = Debug|Any CPU
		{64419924-5B70-4EF8-AA19-1E2803D1CEFC}.Debug|Any CPU.Build.0 = Debug|Any CPU
		{64419924-5B70-4EF8-AA19-1E2803D1CEFC}.Release|Any CPU.ActiveCfg = Release|Any CPU
		{64419924-5B70-4EF8-AA19-1E2803D1CEFC}.Release|Any CPU.Build.0 = Release|Any CPU
		{D3E7D6C2-30C0-41CC-8069-0351A2D436A8}.Debug|Any CPU.ActiveCfg = Debug|Any CPU
		{D3E7D6C2-30C0-41CC-8069-0351A2D436A8}.Debug|Any CPU.Build.0 = Debug|Any CPU
		{D3E7D6C2-30C0-41CC-8069-0351A2D436A8}.Release|Any CPU.ActiveCfg = Release|Any CPU
		{D3E7D6C2-30C0-41CC-8069-0351A2D436A8}.Release|Any CPU.Build.0 = Release|Any CPU
		{8B41957E-D78F-4A30-AF57-75B8F61361B4}.Debug|Any CPU.ActiveCfg = Debug|Any CPU
		{8B41957E-D78F-4A30-AF57-75B8F61361B4}.Debug|Any CPU.Build.0 = Debug|Any CPU
		{8B41957E-D78F-4A30-AF57-75B8F61361B4}.Release|Any CPU.ActiveCfg = Release|Any CPU
		{8B41957E-D78F-4A30-AF57-75B8F61361B4}.Release|Any CPU.Build.0 = Release|Any CPU
		{B50002A7-05D4-4ABA-91FC-DC2B608BAECC}.Debug|Any CPU.ActiveCfg = Debug|Any CPU
		{B50002A7-05D4-4ABA-91FC-DC2B608BAECC}.Debug|Any CPU.Build.0 = Debug|Any CPU
		{B50002A7-05D4-4ABA-91FC-DC2B608BAECC}.Release|Any CPU.ActiveCfg = Release|Any CPU
		{B50002A7-05D4-4ABA-91FC-DC2B608BAECC}.Release|Any CPU.Build.0 = Release|Any CPU
		{AFC6B913-F14B-4E64-819E-7AF30B141594}.Debug|Any CPU.ActiveCfg = Debug|Any CPU
		{AFC6B913-F14B-4E64-819E-7AF30B141594}.Debug|Any CPU.Build.0 = Debug|Any CPU
		{AFC6B913-F14B-4E64-819E-7AF30B141594}.Release|Any CPU.ActiveCfg = Release|Any CPU
		{AFC6B913-F14B-4E64-819E-7AF30B141594}.Release|Any CPU.Build.0 = Release|Any CPU
		{9234C96D-FD9F-4AB2-83B9-729D4D3DBDC9}.Debug|Any CPU.ActiveCfg = Debug|Any CPU
		{9234C96D-FD9F-4AB2-83B9-729D4D3DBDC9}.Debug|Any CPU.Build.0 = Debug|Any CPU
		{9234C96D-FD9F-4AB2-83B9-729D4D3DBDC9}.Release|Any CPU.ActiveCfg = Release|Any CPU
		{9234C96D-FD9F-4AB2-83B9-729D4D3DBDC9}.Release|Any CPU.Build.0 = Release|Any CPU
		{82537B81-11DE-4E94-A11F-5A4EB7F39A90}.Debug|Any CPU.ActiveCfg = Debug|Any CPU
		{82537B81-11DE-4E94-A11F-5A4EB7F39A90}.Debug|Any CPU.Build.0 = Debug|Any CPU
		{82537B81-11DE-4E94-A11F-5A4EB7F39A90}.Release|Any CPU.ActiveCfg = Release|Any CPU
		{82537B81-11DE-4E94-A11F-5A4EB7F39A90}.Release|Any CPU.Build.0 = Release|Any CPU
		{3D8F5786-EFA1-4C59-80E8-E80042226456}.Debug|Any CPU.ActiveCfg = Debug|Any CPU
		{3D8F5786-EFA1-4C59-80E8-E80042226456}.Debug|Any CPU.Build.0 = Debug|Any CPU
		{3D8F5786-EFA1-4C59-80E8-E80042226456}.Release|Any CPU.ActiveCfg = Release|Any CPU
		{3D8F5786-EFA1-4C59-80E8-E80042226456}.Release|Any CPU.Build.0 = Release|Any CPU
		{A55A95B5-9D20-470F-8E70-A23C6C4DCC05}.Debug|Any CPU.ActiveCfg = Debug|Any CPU
		{A55A95B5-9D20-470F-8E70-A23C6C4DCC05}.Debug|Any CPU.Build.0 = Debug|Any CPU
		{A55A95B5-9D20-470F-8E70-A23C6C4DCC05}.Release|Any CPU.ActiveCfg = Release|Any CPU
		{A55A95B5-9D20-470F-8E70-A23C6C4DCC05}.Release|Any CPU.Build.0 = Release|Any CPU
		{94FD7A36-CC90-4A4D-84EE-F66731B841CA}.Debug|Any CPU.ActiveCfg = Debug|Any CPU
		{94FD7A36-CC90-4A4D-84EE-F66731B841CA}.Debug|Any CPU.Build.0 = Debug|Any CPU
		{94FD7A36-CC90-4A4D-84EE-F66731B841CA}.Release|Any CPU.ActiveCfg = Release|Any CPU
		{94FD7A36-CC90-4A4D-84EE-F66731B841CA}.Release|Any CPU.Build.0 = Release|Any CPU
	EndGlobalSection
	GlobalSection(SolutionProperties) = preSolution
		HideSolutionNode = FALSE
	EndGlobalSection
	GlobalSection(NestedProjects) = preSolution
		{2EC3A5B8-6710-4D29-9A44-B3BE50083E0D} = {2B3E19D4-D270-4F12-94B5-5DB0D1CF57FF}
		{9356A89B-ED9C-4008-8E30-DD6C78C374D0} = {2B3E19D4-D270-4F12-94B5-5DB0D1CF57FF}
		{F8637C6F-7C90-4A53-AD54-F584851D59F1} = {2B3E19D4-D270-4F12-94B5-5DB0D1CF57FF}
		{057DB44B-7E8B-4DA4-9E61-CA287156AC6F} = {2B3E19D4-D270-4F12-94B5-5DB0D1CF57FF}
		{0C29D609-62B0-41A1-8397-B672997317BD} = {01186DB2-23CA-49A4-A1B1-ADC683A1AFA7}
		{D56BA736-9AB4-45B8-B95B-EA0A5F59AFA5} = {01186DB2-23CA-49A4-A1B1-ADC683A1AFA7}
		{78435D48-9CB0-404E-ACAB-74F67480843D} = {01186DB2-23CA-49A4-A1B1-ADC683A1AFA7}
		{965ED349-48A9-47D4-BE71-32D2931D6DE4} = {9356A89B-ED9C-4008-8E30-DD6C78C374D0}
		{3D155B3E-4619-403D-941F-AA55E0D3BC48} = {9356A89B-ED9C-4008-8E30-DD6C78C374D0}
		{F4D36730-B614-4AB0-A206-CEEB54649520} = {9356A89B-ED9C-4008-8E30-DD6C78C374D0}
		{5F19E3AA-28CA-49CB-A2CD-5B5CF63252AD} = {9356A89B-ED9C-4008-8E30-DD6C78C374D0}
		{A432ACB4-112B-4D3D-9B66-0794EC485934} = {F8637C6F-7C90-4A53-AD54-F584851D59F1}
		{14572C6B-98AB-4B8D-8FD6-E956B213F2F7} = {F8637C6F-7C90-4A53-AD54-F584851D59F1}
		{64419924-5B70-4EF8-AA19-1E2803D1CEFC} = {F8637C6F-7C90-4A53-AD54-F584851D59F1}
		{D3E7D6C2-30C0-41CC-8069-0351A2D436A8} = {F8637C6F-7C90-4A53-AD54-F584851D59F1}
		{8B41957E-D78F-4A30-AF57-75B8F61361B4} = {2EC3A5B8-6710-4D29-9A44-B3BE50083E0D}
		{B50002A7-05D4-4ABA-91FC-DC2B608BAECC} = {2EC3A5B8-6710-4D29-9A44-B3BE50083E0D}
		{AFC6B913-F14B-4E64-819E-7AF30B141594} = {2EC3A5B8-6710-4D29-9A44-B3BE50083E0D}
		{9234C96D-FD9F-4AB2-83B9-729D4D3DBDC9} = {2EC3A5B8-6710-4D29-9A44-B3BE50083E0D}
		{82537B81-11DE-4E94-A11F-5A4EB7F39A90} = {057DB44B-7E8B-4DA4-9E61-CA287156AC6F}
		{3D8F5786-EFA1-4C59-80E8-E80042226456} = {057DB44B-7E8B-4DA4-9E61-CA287156AC6F}
		{A55A95B5-9D20-470F-8E70-A23C6C4DCC05} = {057DB44B-7E8B-4DA4-9E61-CA287156AC6F}
		{94FD7A36-CC90-4A4D-84EE-F66731B841CA} = {057DB44B-7E8B-4DA4-9E61-CA287156AC6F}
	EndGlobalSection
	GlobalSection(ExtensibilityGlobals) = postSolution
		SolutionGuid = {218E23AD-C83E-4A5F-B8AC-4751B260A88D}
	EndGlobalSection
EndGlobal
