
Microsoft Visual Studio Solution File, Format Version 12.00
# Visual Studio Version 16
VisualStudioVersion = 16.0.29403.142
MinimumVisualStudioVersion = 10.0.40219.1
Project("{2150E333-8FDC-42A3-9474-1A3956D46DE8}") = "src", "src", "{2B3E19D4-D270-4F12-94B5-5DB0D1CF57FF}"
EndProject
Project("{2150E333-8FDC-42A3-9474-1A3956D46DE8}") = "test", "test", "{01186DB2-23CA-49A4-A1B1-ADC683A1AFA7}"
EndProject
Project("{2150E333-8FDC-42A3-9474-1A3956D46DE8}") = "Order", "Order", "{2EC3A5B8-6710-4D29-9A44-B3BE50083E0D}"
EndProject
Project("{2150E333-8FDC-42A3-9474-1A3956D46DE8}") = "Customer", "Customer", "{9356A89B-ED9C-4008-8E30-DD6C78C374D0}"
EndProject
Project("{2150E333-8FDC-42A3-9474-1A3956D46DE8}") = "Driver", "Driver", "{F8637C6F-7C90-4A53-AD54-F584851D59F1}"
EndProject
Project("{2150E333-8FDC-42A3-9474-1A3956D46DE8}") = "Shared", "Shared", "{057DB44B-7E8B-4DA4-9E61-CA287156AC6F}"
EndProject
Project("{2150E333-8FDC-42A3-9474-1A3956D46DE8}") = "Customer", "Customer", "{0C29D609-62B0-41A1-8397-B672997317BD}"
EndProject
Project("{2150E333-8FDC-42A3-9474-1A3956D46DE8}") = "Driver", "Driver", "{D56BA736-9AB4-45B8-B95B-EA0A5F59AFA5}"
EndProject
Project("{2150E333-8FDC-42A3-9474-1A3956D46DE8}") = "Order", "Order", "{78435D48-9CB0-404E-ACAB-74F67480843D}"
EndProject
Project("{9A19103F-16F7-4668-BE54-9A1E7A4F7556}") = "TransportCompany.Customer.Application", "TransportCompany.Customer.Application\TransportCompany.Customer.Application.csproj", "{3671424B-FA60-481C-ADA7-AD881D250378}"
EndProject
Project("{9A19103F-16F7-4668-BE54-9A1E7A4F7556}") = "TransportCompany.Customer.Domain", "TransportCompany.Customer.Domain\TransportCompany.Customer.Domain.csproj", "{2D897D0F-B7BB-4A8A-9189-6FC2BF6043A2}"
EndProject
Project("{9A19103F-16F7-4668-BE54-9A1E7A4F7556}") = "TransportCompany.Customer.Infrastructure", "TransportCompany.Customer.Infrastructure\TransportCompany.Customer.Infrastructure.csproj", "{D0C5DA18-D879-4B23-9DBD-F59F75836AA5}"
EndProject
Project("{9A19103F-16F7-4668-BE54-9A1E7A4F7556}") = "TransportCompany.Customer.WebApi", "TransportCompany.Customer.WebAPI\TransportCompany.Customer.WebApi.csproj", "{25C0480A-06D5-45DA-A8FF-365F08269B6B}"
EndProject
Project("{9A19103F-16F7-4668-BE54-9A1E7A4F7556}") = "TransportCompany.Shared.ApiInfrastructure", "TransportCompany.Shared.ApiInfrastructure\TransportCompany.Shared.ApiInfrastructure.csproj", "{D5AC6332-4785-4808-8C20-859ED44E7952}"
EndProject
Project("{9A19103F-16F7-4668-BE54-9A1E7A4F7556}") = "TransportCompany.Shared.Application", "TransportCompany.Shared.Application\TransportCompany.Shared.Application.csproj", "{35132C24-025F-411E-8DB9-A89F2FF87097}"
EndProject
Project("{9A19103F-16F7-4668-BE54-9A1E7A4F7556}") = "TransportCompany.Shared.Domain", "TransportCompany.Shared.Domain\TransportCompany.Shared.Domain.csproj", "{813A596B-30BB-4EC9-B577-189A255655B8}"
EndProject
Project("{9A19103F-16F7-4668-BE54-9A1E7A4F7556}") = "TransportCompany.Shared.Infrastructure", "TransportCompany.Shared.Infrastructure\TransportCompany.Shared.Infrastructure.csproj", "{179997E7-6EFF-49FA-8BA1-5302812B906D}"
EndProject
Project("{9A19103F-16F7-4668-BE54-9A1E7A4F7556}") = "TransportCompany.Driver.Application", "TransportCompany.Driver.Application\TransportCompany.Driver.Application.csproj", "{C8AD8A3C-9AB4-4CD0-AEEF-228315F75715}"
EndProject
Project("{9A19103F-16F7-4668-BE54-9A1E7A4F7556}") = "TransportCompany.Driver.Domain", "TransportCompany.Driver.Domain\TransportCompany.Driver.Domain.csproj", "{2D1641EE-CD54-4DEA-A7C6-07526A60B91E}"
EndProject
Project("{9A19103F-16F7-4668-BE54-9A1E7A4F7556}") = "TransportCompany.Driver.Infrastructure", "TransportCompany.Driver.Infrastructure\TransportCompany.Driver.Infrastructure.csproj", "{956E5968-2F61-4146-BF58-2EB38585666B}"
EndProject
Project("{9A19103F-16F7-4668-BE54-9A1E7A4F7556}") = "TransportCompany.Driver.WebApi", "TransportCompany.Driver.WebAPI\TransportCompany.Driver.WebApi.csproj", "{0A941E6A-66CC-423D-8495-CDDB850C21E1}"
EndProject
Project("{9A19103F-16F7-4668-BE54-9A1E7A4F7556}") = "TransportCompany.Order.Application", "TransportCompany.Order.Application\TransportCompany.Order.Application.csproj", "{20780A9E-A064-4DF9-8DE0-E251E8752A65}"
EndProject
Project("{9A19103F-16F7-4668-BE54-9A1E7A4F7556}") = "TransportCompany.Order.Domain", "TransportCompany.Order.Domain\TransportCompany.Order.Domain.csproj", "{5507CC4E-F91F-4BF6-AAFD-BA9E43F0E1E1}"
EndProject
Project("{9A19103F-16F7-4668-BE54-9A1E7A4F7556}") = "TransportCompany.Order.Infrastructure", "TransportCompany.Order.Infrastructure\TransportCompany.Order.Infrastructure.csproj", "{75020ED9-D205-47D1-928B-90C15EF7EB66}"
EndProject
Project("{9A19103F-16F7-4668-BE54-9A1E7A4F7556}") = "TransportCompany.Order.WebAPI", "TransportCompany.Order.WebAPI\TransportCompany.Order.WebAPI.csproj", "{E1BA495B-7683-4CDD-BD97-12557AB74485}"
EndProject
Global
	GlobalSection(SolutionConfigurationPlatforms) = preSolution
		Debug|Any CPU = Debug|Any CPU
		Release|Any CPU = Release|Any CPU
	EndGlobalSection
	GlobalSection(ProjectConfigurationPlatforms) = postSolution
		{3671424B-FA60-481C-ADA7-AD881D250378}.Debug|Any CPU.ActiveCfg = Debug|Any CPU
		{3671424B-FA60-481C-ADA7-AD881D250378}.Debug|Any CPU.Build.0 = Debug|Any CPU
		{3671424B-FA60-481C-ADA7-AD881D250378}.Release|Any CPU.ActiveCfg = Release|Any CPU
		{3671424B-FA60-481C-ADA7-AD881D250378}.Release|Any CPU.Build.0 = Release|Any CPU
		{2D897D0F-B7BB-4A8A-9189-6FC2BF6043A2}.Debug|Any CPU.ActiveCfg = Debug|Any CPU
		{2D897D0F-B7BB-4A8A-9189-6FC2BF6043A2}.Debug|Any CPU.Build.0 = Debug|Any CPU
		{2D897D0F-B7BB-4A8A-9189-6FC2BF6043A2}.Release|Any CPU.ActiveCfg = Release|Any CPU
		{2D897D0F-B7BB-4A8A-9189-6FC2BF6043A2}.Release|Any CPU.Build.0 = Release|Any CPU
		{D0C5DA18-D879-4B23-9DBD-F59F75836AA5}.Debug|Any CPU.ActiveCfg = Debug|Any CPU
		{D0C5DA18-D879-4B23-9DBD-F59F75836AA5}.Debug|Any CPU.Build.0 = Debug|Any CPU
		{D0C5DA18-D879-4B23-9DBD-F59F75836AA5}.Release|Any CPU.ActiveCfg = Release|Any CPU
		{D0C5DA18-D879-4B23-9DBD-F59F75836AA5}.Release|Any CPU.Build.0 = Release|Any CPU
		{25C0480A-06D5-45DA-A8FF-365F08269B6B}.Debug|Any CPU.ActiveCfg = Debug|Any CPU
		{25C0480A-06D5-45DA-A8FF-365F08269B6B}.Debug|Any CPU.Build.0 = Debug|Any CPU
		{25C0480A-06D5-45DA-A8FF-365F08269B6B}.Release|Any CPU.ActiveCfg = Release|Any CPU
		{25C0480A-06D5-45DA-A8FF-365F08269B6B}.Release|Any CPU.Build.0 = Release|Any CPU
		{D5AC6332-4785-4808-8C20-859ED44E7952}.Debug|Any CPU.ActiveCfg = Debug|Any CPU
		{D5AC6332-4785-4808-8C20-859ED44E7952}.Debug|Any CPU.Build.0 = Debug|Any CPU
		{D5AC6332-4785-4808-8C20-859ED44E7952}.Release|Any CPU.ActiveCfg = Release|Any CPU
		{D5AC6332-4785-4808-8C20-859ED44E7952}.Release|Any CPU.Build.0 = Release|Any CPU
		{35132C24-025F-411E-8DB9-A89F2FF87097}.Debug|Any CPU.ActiveCfg = Debug|Any CPU
		{35132C24-025F-411E-8DB9-A89F2FF87097}.Debug|Any CPU.Build.0 = Debug|Any CPU
		{35132C24-025F-411E-8DB9-A89F2FF87097}.Release|Any CPU.ActiveCfg = Release|Any CPU
		{35132C24-025F-411E-8DB9-A89F2FF87097}.Release|Any CPU.Build.0 = Release|Any CPU
		{813A596B-30BB-4EC9-B577-189A255655B8}.Debug|Any CPU.ActiveCfg = Debug|Any CPU
		{813A596B-30BB-4EC9-B577-189A255655B8}.Debug|Any CPU.Build.0 = Debug|Any CPU
		{813A596B-30BB-4EC9-B577-189A255655B8}.Release|Any CPU.ActiveCfg = Release|Any CPU
		{813A596B-30BB-4EC9-B577-189A255655B8}.Release|Any CPU.Build.0 = Release|Any CPU
		{179997E7-6EFF-49FA-8BA1-5302812B906D}.Debug|Any CPU.ActiveCfg = Debug|Any CPU
		{179997E7-6EFF-49FA-8BA1-5302812B906D}.Debug|Any CPU.Build.0 = Debug|Any CPU
		{179997E7-6EFF-49FA-8BA1-5302812B906D}.Release|Any CPU.ActiveCfg = Release|Any CPU
		{179997E7-6EFF-49FA-8BA1-5302812B906D}.Release|Any CPU.Build.0 = Release|Any CPU
		{C8AD8A3C-9AB4-4CD0-AEEF-228315F75715}.Debug|Any CPU.ActiveCfg = Debug|Any CPU
		{C8AD8A3C-9AB4-4CD0-AEEF-228315F75715}.Debug|Any CPU.Build.0 = Debug|Any CPU
		{C8AD8A3C-9AB4-4CD0-AEEF-228315F75715}.Release|Any CPU.ActiveCfg = Release|Any CPU
		{C8AD8A3C-9AB4-4CD0-AEEF-228315F75715}.Release|Any CPU.Build.0 = Release|Any CPU
		{2D1641EE-CD54-4DEA-A7C6-07526A60B91E}.Debug|Any CPU.ActiveCfg = Debug|Any CPU
		{2D1641EE-CD54-4DEA-A7C6-07526A60B91E}.Debug|Any CPU.Build.0 = Debug|Any CPU
		{2D1641EE-CD54-4DEA-A7C6-07526A60B91E}.Release|Any CPU.ActiveCfg = Release|Any CPU
		{2D1641EE-CD54-4DEA-A7C6-07526A60B91E}.Release|Any CPU.Build.0 = Release|Any CPU
		{956E5968-2F61-4146-BF58-2EB38585666B}.Debug|Any CPU.ActiveCfg = Debug|Any CPU
		{956E5968-2F61-4146-BF58-2EB38585666B}.Debug|Any CPU.Build.0 = Debug|Any CPU
		{956E5968-2F61-4146-BF58-2EB38585666B}.Release|Any CPU.ActiveCfg = Release|Any CPU
		{956E5968-2F61-4146-BF58-2EB38585666B}.Release|Any CPU.Build.0 = Release|Any CPU
		{0A941E6A-66CC-423D-8495-CDDB850C21E1}.Debug|Any CPU.ActiveCfg = Debug|Any CPU
		{0A941E6A-66CC-423D-8495-CDDB850C21E1}.Debug|Any CPU.Build.0 = Debug|Any CPU
		{0A941E6A-66CC-423D-8495-CDDB850C21E1}.Release|Any CPU.ActiveCfg = Release|Any CPU
		{0A941E6A-66CC-423D-8495-CDDB850C21E1}.Release|Any CPU.Build.0 = Release|Any CPU
		{20780A9E-A064-4DF9-8DE0-E251E8752A65}.Debug|Any CPU.ActiveCfg = Debug|Any CPU
		{20780A9E-A064-4DF9-8DE0-E251E8752A65}.Debug|Any CPU.Build.0 = Debug|Any CPU
		{20780A9E-A064-4DF9-8DE0-E251E8752A65}.Release|Any CPU.ActiveCfg = Release|Any CPU
		{20780A9E-A064-4DF9-8DE0-E251E8752A65}.Release|Any CPU.Build.0 = Release|Any CPU
		{5507CC4E-F91F-4BF6-AAFD-BA9E43F0E1E1}.Debug|Any CPU.ActiveCfg = Debug|Any CPU
		{5507CC4E-F91F-4BF6-AAFD-BA9E43F0E1E1}.Debug|Any CPU.Build.0 = Debug|Any CPU
		{5507CC4E-F91F-4BF6-AAFD-BA9E43F0E1E1}.Release|Any CPU.ActiveCfg = Release|Any CPU
		{5507CC4E-F91F-4BF6-AAFD-BA9E43F0E1E1}.Release|Any CPU.Build.0 = Release|Any CPU
		{75020ED9-D205-47D1-928B-90C15EF7EB66}.Debug|Any CPU.ActiveCfg = Debug|Any CPU
		{75020ED9-D205-47D1-928B-90C15EF7EB66}.Debug|Any CPU.Build.0 = Debug|Any CPU
		{75020ED9-D205-47D1-928B-90C15EF7EB66}.Release|Any CPU.ActiveCfg = Release|Any CPU
		{75020ED9-D205-47D1-928B-90C15EF7EB66}.Release|Any CPU.Build.0 = Release|Any CPU
		{E1BA495B-7683-4CDD-BD97-12557AB74485}.Debug|Any CPU.ActiveCfg = Debug|Any CPU
		{E1BA495B-7683-4CDD-BD97-12557AB74485}.Debug|Any CPU.Build.0 = Debug|Any CPU
		{E1BA495B-7683-4CDD-BD97-12557AB74485}.Release|Any CPU.ActiveCfg = Release|Any CPU
		{E1BA495B-7683-4CDD-BD97-12557AB74485}.Release|Any CPU.Build.0 = Release|Any CPU
	EndGlobalSection
	GlobalSection(SolutionProperties) = preSolution
		HideSolutionNode = FALSE
	EndGlobalSection
	GlobalSection(NestedProjects) = preSolution
		{2EC3A5B8-6710-4D29-9A44-B3BE50083E0D} = {2B3E19D4-D270-4F12-94B5-5DB0D1CF57FF}
		{9356A89B-ED9C-4008-8E30-DD6C78C374D0} = {2B3E19D4-D270-4F12-94B5-5DB0D1CF57FF}
		{F8637C6F-7C90-4A53-AD54-F584851D59F1} = {2B3E19D4-D270-4F12-94B5-5DB0D1CF57FF}
		{057DB44B-7E8B-4DA4-9E61-CA287156AC6F} = {2B3E19D4-D270-4F12-94B5-5DB0D1CF57FF}
		{0C29D609-62B0-41A1-8397-B672997317BD} = {01186DB2-23CA-49A4-A1B1-ADC683A1AFA7}
		{D56BA736-9AB4-45B8-B95B-EA0A5F59AFA5} = {01186DB2-23CA-49A4-A1B1-ADC683A1AFA7}
		{78435D48-9CB0-404E-ACAB-74F67480843D} = {01186DB2-23CA-49A4-A1B1-ADC683A1AFA7}
		{3671424B-FA60-481C-ADA7-AD881D250378} = {9356A89B-ED9C-4008-8E30-DD6C78C374D0}
		{2D897D0F-B7BB-4A8A-9189-6FC2BF6043A2} = {9356A89B-ED9C-4008-8E30-DD6C78C374D0}
		{D0C5DA18-D879-4B23-9DBD-F59F75836AA5} = {9356A89B-ED9C-4008-8E30-DD6C78C374D0}
		{25C0480A-06D5-45DA-A8FF-365F08269B6B} = {9356A89B-ED9C-4008-8E30-DD6C78C374D0}
		{D5AC6332-4785-4808-8C20-859ED44E7952} = {057DB44B-7E8B-4DA4-9E61-CA287156AC6F}
		{35132C24-025F-411E-8DB9-A89F2FF87097} = {057DB44B-7E8B-4DA4-9E61-CA287156AC6F}
		{813A596B-30BB-4EC9-B577-189A255655B8} = {057DB44B-7E8B-4DA4-9E61-CA287156AC6F}
		{179997E7-6EFF-49FA-8BA1-5302812B906D} = {057DB44B-7E8B-4DA4-9E61-CA287156AC6F}
		{C8AD8A3C-9AB4-4CD0-AEEF-228315F75715} = {F8637C6F-7C90-4A53-AD54-F584851D59F1}
		{2D1641EE-CD54-4DEA-A7C6-07526A60B91E} = {F8637C6F-7C90-4A53-AD54-F584851D59F1}
		{956E5968-2F61-4146-BF58-2EB38585666B} = {F8637C6F-7C90-4A53-AD54-F584851D59F1}
		{0A941E6A-66CC-423D-8495-CDDB850C21E1} = {F8637C6F-7C90-4A53-AD54-F584851D59F1}
		{20780A9E-A064-4DF9-8DE0-E251E8752A65} = {2EC3A5B8-6710-4D29-9A44-B3BE50083E0D}
		{5507CC4E-F91F-4BF6-AAFD-BA9E43F0E1E1} = {2EC3A5B8-6710-4D29-9A44-B3BE50083E0D}
		{75020ED9-D205-47D1-928B-90C15EF7EB66} = {2EC3A5B8-6710-4D29-9A44-B3BE50083E0D}
		{E1BA495B-7683-4CDD-BD97-12557AB74485} = {2EC3A5B8-6710-4D29-9A44-B3BE50083E0D}
	EndGlobalSection
	GlobalSection(ExtensibilityGlobals) = postSolution
		SolutionGuid = {218E23AD-C83E-4A5F-B8AC-4751B260A88D}
	EndGlobalSection
EndGlobal
